
Microsoft Visual Studio Solution File, Format Version 12.00
# Visual Studio Version 17
VisualStudioVersion = 17.7.34018.315
MinimumVisualStudioVersion = 10.0.40219.1
Project("{FAE04EC0-301F-11D3-BF4B-00C04F79EFBC}") = "AdobeCrapKiller", "AdobeCrapKiller.csproj", "{48C84A15-7AAA-4AAC-931C-726DD8CF8C25}"
EndProject
Global
	GlobalSection(SolutionConfigurationPlatforms) = preSolution
		Debug|Any CPU = Debug|Any CPU
		Release|Any CPU = Release|Any CPU
	EndGlobalSection
	GlobalSection(ProjectConfigurationPlatforms) = postSolution
		{48C84A15-7AAA-4AAC-931C-726DD8CF8C25}.Debug|Any CPU.ActiveCfg = Debug|Any CPU
		{48C84A15-7AAA-4AAC-931C-726DD8CF8C25}.Debug|Any CPU.Build.0 = Debug|Any CPU
		{48C84A15-7AAA-4AAC-931C-726DD8CF8C25}.Release|Any CPU.ActiveCfg = Release|Any CPU
		{48C84A15-7AAA-4AAC-931C-726DD8CF8C25}.Release|Any CPU.Build.0 = Release|Any CPU
	EndGlobalSection
	GlobalSection(SolutionProperties) = preSolution
		HideSolutionNode = FALSE
	EndGlobalSection
	GlobalSection(ExtensibilityGlobals) = postSolution
		SolutionGuid = {D8E145AC-F8D6-4092-9F01-3B7F03DBC9C4}
	EndGlobalSection
EndGlobal
